<?xml version="1.0" encoding="utf-8"?>
<Project ToolsVersion="4.0" xmlns="http://schemas.microsoft.com/developer/msbuild/2003">
  <ItemGroup>
    <Filter Include="Source Files">
      <UniqueIdentifier>{4FC737F1-C7A5-4376-A066-2A32D752A2FF}</UniqueIdentifier>
      <Extensions>cpp;c;cc;cxx;def;odl;idl;hpj;bat;asm;asmx</Extensions>
    </Filter>
    <Filter Include="Header Files">
      <UniqueIdentifier>{93995380-89BD-4b04-88EB-625FBE52EBFB}</UniqueIdentifier>
      <Extensions>h;hpp;hxx;hm;inl;inc;xsd</Extensions>
    </Filter>
    <Filter Include="Resource Files">
      <UniqueIdentifier>{67DA6AB6-F800-4c08-8B7A-83BB121AAD01}</UniqueIdentifier>
      <Extensions>rc;ico;cur;bmp;dlg;rc2;rct;bin;rgs;gif;jpg;jpeg;jpe;resx;tiff;tif;png;wav;mfcribbon-ms</Extensions>
    </Filter>
    <Filter Include="bvh">
      <UniqueIdentifier>{445b2605-6153-425f-bc93-7c0a00982d08}</UniqueIdentifier>
    </Filter>
    <Filter Include="bvh2">
      <UniqueIdentifier>{3e329dec-fefb-49df-b03c-5f24e63ea9a5}</UniqueIdentifier>
    </Filter>
    <Filter Include="bvh2\base">
      <UniqueIdentifier>{4d995c15-5ee7-4736-9134-67168dbe9fd6}</UniqueIdentifier>
    </Filter>
    <Filter Include="loader">
      <UniqueIdentifier>{cbb28325-6e3b-42e7-8b24-eb99e5e3ed95}</UniqueIdentifier>
    </Filter>
    <Filter Include="loader\pugixml">
      <UniqueIdentifier>{cce4a319-959d-41ac-9f5e-caef8b3a0c05}</UniqueIdentifier>
    </Filter>
  </ItemGroup>
  <ItemGroup>
    <ClInclude Include="RayTracer.h">
      <Filter>Header Files</Filter>
    </ClInclude>
    <ClInclude Include="ColorScale.h">
      <Filter>Header Files</Filter>
    </ClInclude>
    <ClInclude Include="common.h">
      <Filter>Header Files</Filter>
    </ClInclude>
    <ClInclude Include="BVH_Node.h">
      <Filter>bvh</Filter>
    </ClInclude>
    <ClInclude Include="AABB.h">
      <Filter>bvh</Filter>
    </ClInclude>
    <ClInclude Include="vectors_math.cpp">
      <Filter>Header Files</Filter>
    </ClInclude>
    <ClInclude Include="vectors_math.h">
      <Filter>Header Files</Filter>
    </ClInclude>
    <ClInclude Include="BVH.h">
      <Filter>bvh</Filter>
    </ClInclude>
    <ClInclude Include="Mesh.h">
      <Filter>bvh</Filter>
    </ClInclude>
    <ClInclude Include="BVH_Cuda.h">
      <Filter>bvh</Filter>
    </ClInclude>
    <ClInclude Include="SplitBVHBuilder.h">
      <Filter>bvh2</Filter>
    </ClInclude>
    <ClInclude Include="Util.h">
      <Filter>bvh2</Filter>
    </ClInclude>
    <ClInclude Include="Platform.h">
      <Filter>bvh2</Filter>
    </ClInclude>
    <ClInclude Include="BVHNode.h">
      <Filter>bvh2</Filter>
    </ClInclude>
    <ClInclude Include="Defs.h">
      <Filter>bvh2\base</Filter>
    </ClInclude>
    <ClInclude Include="Sort.h">
      <Filter>bvh2\base</Filter>
    </ClInclude>
    <ClInclude Include="BVH2.h">
      <Filter>bvh2</Filter>
    </ClInclude>
    <ClInclude Include="Camera.h">
      <Filter>Header Files</Filter>
    </ClInclude>
    <ClInclude Include="pugixml\src\pugixml.hpp">
      <Filter>loader\pugixml</Filter>
    </ClInclude>
    <ClInclude Include="pugixml\src\pugiconfig.hpp">
      <Filter>loader\pugixml</Filter>
    </ClInclude>
    <ClInclude Include="ColladaLoader.h">
      <Filter>loader</Filter>
    </ClInclude>
    <ClInclude Include="Matrix4x4.h">
      <Filter>loader</Filter>
    </ClInclude>
  </ItemGroup>
  <ItemGroup>
    <ClCompile Include="RayTracer.cpp">
      <Filter>Source Files</Filter>
    </ClCompile>
    <ClCompile Include="ColorScale.cpp">
      <Filter>Source Files</Filter>
    </ClCompile>
    <ClCompile Include="BVH_Node.cpp">
      <Filter>bvh</Filter>
    </ClCompile>
    <ClCompile Include="AABB.cpp">
      <Filter>bvh</Filter>
    </ClCompile>
    <ClCompile Include="BVH.cpp">
      <Filter>bvh</Filter>
    </ClCompile>
    <ClCompile Include="Mesh.cpp">
      <Filter>bvh</Filter>
    </ClCompile>
    <ClCompile Include="BVH_Cuda.cpp">
      <Filter>bvh</Filter>
    </ClCompile>
    <ClCompile Include="SplitBVHBuilder.cpp">
      <Filter>bvh2</Filter>
    </ClCompile>
    <ClCompile Include="Util.cpp">
      <Filter>bvh2</Filter>
    </ClCompile>
    <ClCompile Include="Platform.cpp">
      <Filter>bvh2</Filter>
    </ClCompile>
    <ClCompile Include="BVHNode.cpp">
      <Filter>bvh2</Filter>
    </ClCompile>
    <ClCompile Include="Sort.cpp">
      <Filter>bvh2\base</Filter>
    </ClCompile>
    <ClCompile Include="BVH2.cpp">
      <Filter>bvh2</Filter>
    </ClCompile>
    <ClCompile Include="Camera.cpp">
      <Filter>Source Files</Filter>
    </ClCompile>
    <ClCompile Include="pugixml\src\pugixml.cpp">
      <Filter>loader\pugixml</Filter>
    </ClCompile>
    <ClCompile Include="ColladaLoader.cpp">
      <Filter>loader</Filter>
    </ClCompile>
    <ClCompile Include="Matrix4x4.cpp">
      <Filter>loader</Filter>
    </ClCompile>
  </ItemGroup>
  <ItemGroup>
    <None Include="x64\Release\volumeRender.cl" />
  </ItemGroup>
</Project>